<?xml version="1.0" encoding="utf-8"?>
<Project ToolsVersion="4.0" xmlns="http://schemas.microsoft.com/developer/msbuild/2003">
  <ItemGroup>
    <Filter Include="Ini Files">
      <UniqueIdentifier>{e3002edd-260c-41d5-8cae-b84dae3bba90}</UniqueIdentifier>
    </Filter>
    <Filter Include="CFGLoader">
      <UniqueIdentifier>{efdb1d1e-6b4c-4e24-bed3-72bf4a9be063}</UniqueIdentifier>
    </Filter>
    <Filter Include="StatObj">
      <UniqueIdentifier>{1ed2b78e-f283-4105-abd0-46e321d6d4d2}</UniqueIdentifier>
    </Filter>
    <Filter Include="Effects">
      <UniqueIdentifier>{f0256a27-139a-4329-9d11-0c104c016500}</UniqueIdentifier>
    </Filter>
    <Filter Include="Effects\Decals">
      <UniqueIdentifier>{b0679610-1c4d-4f65-beb8-9afc8cb5911d}</UniqueIdentifier>
    </Filter>
    <Filter Include="Effects\Particles">
      <UniqueIdentifier>{bfb8f4ce-1c5b-4275-9662-c8dab12e126a}</UniqueIdentifier>
    </Filter>
    <Filter Include="Effects\Rain">
      <UniqueIdentifier>{7aa88f2e-edcb-4350-b08f-2fbc1113864e}</UniqueIdentifier>
    </Filter>
    <Filter Include="Effects\Detail Objects">
      <UniqueIdentifier>{ea4ebf35-a0fd-467f-9938-9fc7ebc323da}</UniqueIdentifier>
    </Filter>
    <Filter Include="Terrain">
      <UniqueIdentifier>{3bb3c69c-ee77-4dcb-9552-0e62d9194ce1}</UniqueIdentifier>
    </Filter>
    <Filter Include="Terrain\Sector">
      <UniqueIdentifier>{d2380223-0a78-40f7-8ae5-f26227cf25c4}</UniqueIdentifier>
    </Filter>
    <Filter Include="Water">
      <UniqueIdentifier>{754b9988-1a88-4b65-9d48-baedc56f0f9d}</UniqueIdentifier>
    </Filter>
    <Filter Include="Vegetation">
      <UniqueIdentifier>{9a38969f-19ac-45dc-ab93-fd7410e420f5}</UniqueIdentifier>
    </Filter>
    <Filter Include="Brush">
      <UniqueIdentifier>{9d25bfd3-aa4c-4f29-bdee-5701467f933a}</UniqueIdentifier>
    </Filter>
    <Filter Include="LightMaps">
      <UniqueIdentifier>{cce232e5-1772-4f7f-8ddc-d940828d96a3}</UniqueIdentifier>
    </Filter>
    <Filter Include="ObjManager">
      <UniqueIdentifier>{2ad9f0e3-81ca-4e66-8e59-6e1b6d31b2d8}</UniqueIdentifier>
    </Filter>
    <Filter Include="StencilShadows">
      <UniqueIdentifier>{cc265a1b-62ac-47f9-96a6-6ce9951402c8}</UniqueIdentifier>
    </Filter>
    <Filter Include="3DEngine">
      <UniqueIdentifier>{b2557662-ae3c-4a95-9944-b4c2c115ddee}</UniqueIdentifier>
    </Filter>
    <Filter Include="VisAreas">
      <UniqueIdentifier>{02aabd65-07f1-40c0-b6a7-56e870bfa9e6}</UniqueIdentifier>
    </Filter>
    <Filter Include="CVars">
      <UniqueIdentifier>{7b61d1dc-c08a-4ba0-9714-d2bcae00c654}</UniqueIdentifier>
    </Filter>
    <Filter Include="CBuffer">
      <UniqueIdentifier>{2a53ce2d-e093-4b0d-a6f5-0df744b879fb}</UniqueIdentifier>
    </Filter>
    <Filter Include="Containers">
      <UniqueIdentifier>{c9262e58-3001-4cb3-af8a-6146941208ab}</UniqueIdentifier>
    </Filter>
    <Filter Include="Interfaces">
      <UniqueIdentifier>{2ee4be33-9b44-40e9-af46-4aaf91ddbd4f}</UniqueIdentifier>
    </Filter>
  </ItemGroup>
  <ItemGroup>
    <ClInclude Include="BaseObj.h">
      <Filter>CFGLoader</Filter>
    </ClInclude>
    <ClInclude Include="CryStaticModel.h">
      <Filter>CFGLoader</Filter>
    </ClInclude>
    <ClInclude Include="File.h">
      <Filter>CFGLoader</Filter>
    </ClInclude>
    <ClInclude Include="Geom.h">
      <Filter>CFGLoader</Filter>
    </ClInclude>
    <ClInclude Include="Helper.h">
      <Filter>CFGLoader</Filter>
    </ClInclude>
    <ClInclude Include="Light.h">
      <Filter>CFGLoader</Filter>
    </ClInclude>
    <ClInclude Include="Node.h">
      <Filter>CFGLoader</Filter>
    </ClInclude>
    <ClInclude Include="StatObj.h">
      <Filter>StatObj</Filter>
    </ClInclude>
    <ClInclude Include="DecalManager.h">
      <Filter>Effects\Decals</Filter>
    </ClInclude>
    <ClInclude Include="ParticleEffect.h">
      <Filter>Effects\Particles</Filter>
    </ClInclude>
    <ClInclude Include="ParticleEmitter.h">
      <Filter>Effects\Particles</Filter>
    </ClInclude>
    <ClInclude Include="partman.h">
      <Filter>Effects\Particles</Filter>
    </ClInclude>
    <ClInclude Include="rain.h">
      <Filter>Effects\Rain</Filter>
    </ClInclude>
    <ClInclude Include="detail_grass.h">
      <Filter>Effects\Detail Objects</Filter>
    </ClInclude>
    <ClInclude Include="terrain.h">
      <Filter>Terrain</Filter>
    </ClInclude>
    <ClInclude Include="terrain_sector.h">
      <Filter>Terrain\Sector</Filter>
    </ClInclude>
    <ClInclude Include="terrain_water.h">
      <Filter>Water</Filter>
    </ClInclude>
    <ClInclude Include="WaterVolumes.h">
      <Filter>Water</Filter>
    </ClInclude>
    <ClInclude Include="Vegetation.h">
      <Filter>Vegetation</Filter>
    </ClInclude>
    <ClInclude Include="Brush.h">
      <Filter>Brush</Filter>
    </ClInclude>
    <ClInclude Include="dds.h">
      <Filter>LightMaps</Filter>
    </ClInclude>
    <ClInclude Include="LMSerializationManager2.h">
      <Filter>LightMaps</Filter>
    </ClInclude>
    <ClInclude Include="ObjMan.h">
      <Filter>ObjManager</Filter>
    </ClInclude>
    <ClInclude Include="IndoorShadowVolumes.h">
      <Filter>StencilShadows</Filter>
    </ClInclude>
    <ClInclude Include="IndoorVolumes.h">
      <Filter>StencilShadows</Filter>
    </ClInclude>
    <ClInclude Include="ShadowVolumeEdge.h">
      <Filter>StencilShadows</Filter>
    </ClInclude>
    <ClInclude Include="StencilShadowConnectivity.h">
      <Filter>StencilShadows</Filter>
    </ClInclude>
    <ClInclude Include="StencilShadowConnectivityBuilder.h">
      <Filter>StencilShadows</Filter>
    </ClInclude>
    <ClInclude Include="StencilShadowEdgeDetector.h">
      <Filter>StencilShadows</Filter>
    </ClInclude>
    <ClInclude Include="3dEngine.h">
      <Filter>3DEngine</Filter>
    </ClInclude>
    <ClInclude Include="BasicArea.h">
      <Filter>VisAreas</Filter>
    </ClInclude>
    <ClInclude Include="VisAreas.h">
      <Filter>VisAreas</Filter>
    </ClInclude>
    <ClInclude Include="cvars.h">
      <Filter>CVars</Filter>
    </ClInclude>
    <ClInclude Include="cbuffer.h">
      <Filter>CBuffer</Filter>
    </ClInclude>
    <ClInclude Include="Array2d.h">
      <Filter>Containers</Filter>
    </ClInclude>
    <ClInclude Include="Cry3DEngineBase.h" />
    <ClInclude Include="StdAfx.h" />
  </ItemGroup>
  <ItemGroup>
    <ClCompile Include="CryStaticModel.cpp">
      <Filter>CFGLoader</Filter>
    </ClCompile>
    <ClCompile Include="File.cpp">
      <Filter>CFGLoader</Filter>
    </ClCompile>
    <ClCompile Include="Geom.cpp">
      <Filter>CFGLoader</Filter>
    </ClCompile>
    <ClCompile Include="Helper.cpp">
      <Filter>CFGLoader</Filter>
    </ClCompile>
    <ClCompile Include="Light.cpp">
      <Filter>CFGLoader</Filter>
    </ClCompile>
    <ClCompile Include="Meshidx.cpp">
      <Filter>CFGLoader</Filter>
    </ClCompile>
    <ClCompile Include="Node.cpp">
      <Filter>CFGLoader</Filter>
    </ClCompile>
    <ClCompile Include="StatObjCompiler.cpp">
      <Filter>StatObj</Filter>
    </ClCompile>
    <ClCompile Include="StatObjConstr.cpp">
      <Filter>StatObj</Filter>
    </ClCompile>
    <ClCompile Include="StatObjFar.cpp">
      <Filter>StatObj</Filter>
    </ClCompile>
    <ClCompile Include="StatObjLoad.cpp">
      <Filter>StatObj</Filter>
    </ClCompile>
    <ClCompile Include="StatObjPhys.cpp">
      <Filter>StatObj</Filter>
    </ClCompile>
    <ClCompile Include="StatObjRend.cpp">
      <Filter>StatObj</Filter>
    </ClCompile>
    <ClCompile Include="StatObjSerialize.cpp">
      <Filter>StatObj</Filter>
    </ClCompile>
    <ClCompile Include="StatObjShadow.cpp">
      <Filter>StatObj</Filter>
    </ClCompile>
    <ClCompile Include="StatObjShadowVolumes.cpp">
      <Filter>StatObj</Filter>
    </ClCompile>
    <ClCompile Include="StatObjStream.cpp">
      <Filter>StatObj</Filter>
    </ClCompile>
    <ClCompile Include="Decal.cpp">
      <Filter>Effects\Decals</Filter>
    </ClCompile>
    <ClCompile Include="DecalManager.cpp">
      <Filter>Effects\Decals</Filter>
    </ClCompile>
    <ClCompile Include="particle.cpp">
      <Filter>Effects\Particles</Filter>
    </ClCompile>
    <ClCompile Include="ParticleEffect.cpp">
      <Filter>Effects\Particles</Filter>
    </ClCompile>
    <ClCompile Include="ParticleEmitter.cpp">
      <Filter>Effects\Particles</Filter>
    </ClCompile>
    <ClCompile Include="partman.cpp">
      <Filter>Effects\Particles</Filter>
    </ClCompile>
    <ClCompile Include="partpolygon.cpp">
      <Filter>Effects\Particles</Filter>
    </ClCompile>
    <ClCompile Include="SpriteManager.cpp">
      <Filter>Effects\Particles</Filter>
    </ClCompile>
    <ClCompile Include="rain.cpp">
      <Filter>Effects\Rain</Filter>
    </ClCompile>
    <ClCompile Include="detail_grass.cpp">
      <Filter>Effects\Detail Objects</Filter>
    </ClCompile>
    <ClCompile Include="terrain.cpp">
      <Filter>Terrain</Filter>
    </ClCompile>
    <ClCompile Include="terrain_damage.cpp">
      <Filter>Terrain</Filter>
    </ClCompile>
    <ClCompile Include="terrain_det_tex.cpp">
      <Filter>Terrain</Filter>
    </ClCompile>
    <ClCompile Include="terrain_hmap.cpp">
      <Filter>Terrain</Filter>
    </ClCompile>
    <ClCompile Include="terrain_init.cpp">
      <Filter>Terrain</Filter>
    </ClCompile>
    <ClCompile Include="terrain_light.cpp">
      <Filter>Terrain</Filter>
    </ClCompile>
    <ClCompile Include="terrain_load.cpp">
      <Filter>Terrain</Filter>
    </ClCompile>
    <ClCompile Include="terrain_render.cpp">
      <Filter>Terrain</Filter>
    </ClCompile>
    <ClCompile Include="terrain_tex_pool.cpp">
      <Filter>Terrain</Filter>
    </ClCompile>
    <ClCompile Include="terran_edit.cpp">
      <Filter>Terrain</Filter>
    </ClCompile>
    <ClCompile Include="terrain_sector.cpp">
      <Filter>Terrain\Sector</Filter>
    </ClCompile>
    <ClCompile Include="terrain_sector_beach.cpp">
      <Filter>Terrain\Sector</Filter>
    </ClCompile>
    <ClCompile Include="terrain_sector_render.cpp">
      <Filter>Terrain\Sector</Filter>
    </ClCompile>
    <ClCompile Include="terrain_sector_tex.cpp">
      <Filter>Terrain\Sector</Filter>
    </ClCompile>
    <ClCompile Include="terrain_water_quad.cpp">
      <Filter>Water</Filter>
    </ClCompile>
    <ClCompile Include="WaterVolumes.cpp">
      <Filter>Water</Filter>
    </ClCompile>
    <ClCompile Include="Vegetation.cpp">
      <Filter>Vegetation</Filter>
    </ClCompile>
    <ClCompile Include="Brush.cpp">
      <Filter>Brush</Filter>
    </ClCompile>
    <ClCompile Include="BrushLM.cpp">
      <Filter>Brush</Filter>
    </ClCompile>
    <ClCompile Include="LMSerializationManager2.cpp">
      <Filter>LightMaps</Filter>
    </ClCompile>
    <ClCompile Include="ObjMan.cpp">
      <Filter>ObjManager</Filter>
    </ClCompile>
    <ClCompile Include="ObjManDraw.cpp">
      <Filter>ObjManager</Filter>
    </ClCompile>
    <ClCompile Include="ObjManDrawEntity.cpp">
      <Filter>ObjManager</Filter>
    </ClCompile>
    <ClCompile Include="ObjManFar.cpp">
      <Filter>ObjManager</Filter>
    </ClCompile>
    <ClCompile Include="ObjManShadows.cpp">
      <Filter>ObjManager</Filter>
    </ClCompile>
    <ClCompile Include="ObjManStreaming.cpp">
      <Filter>ObjManager</Filter>
    </ClCompile>
    <ClCompile Include="StencilShadowConnectivityBuilder.cpp">
      <Filter>StencilShadows</Filter>
    </ClCompile>
    <ClCompile Include="StencilShadowEdgeDetector.cpp">
      <Filter>StencilShadows</Filter>
    </ClCompile>
    <ClCompile Include="3dEngine.cpp">
      <Filter>3DEngine</Filter>
    </ClCompile>
    <ClCompile Include="3dEngineLight.cpp">
      <Filter>3DEngine</Filter>
    </ClCompile>
    <ClCompile Include="3dEngineLoad.cpp">
      <Filter>3DEngine</Filter>
    </ClCompile>
    <ClCompile Include="3dEngineRender.cpp">
      <Filter>3DEngine</Filter>
    </ClCompile>
    <ClCompile Include="3dEngineScreenEffects.cpp">
      <Filter>3DEngine</Filter>
    </ClCompile>
    <ClCompile Include="MatMan.cpp">
      <Filter>3DEngine</Filter>
    </ClCompile>
    <ClCompile Include="BasicArea.cpp">
      <Filter>VisAreas</Filter>
    </ClCompile>
    <ClCompile Include="VisAreaMan.cpp">
      <Filter>VisAreas</Filter>
    </ClCompile>
    <ClCompile Include="VisAreas.cpp">
      <Filter>VisAreas</Filter>
    </ClCompile>
    <ClCompile Include="cvars.cpp">
      <Filter>CVars</Filter>
    </ClCompile>
    <ClCompile Include="cbuffer.cpp">
      <Filter>CBuffer</Filter>
    </ClCompile>
    <ClCompile Include="Cry3DEngine.cpp" />
    <ClCompile Include="LightMan.cpp" />
    <ClCompile Include="StdAfx.cpp" />
  </ItemGroup>
</Project>