<?xml version="1.0" encoding="utf-8"?>
<Project ToolsVersion="4.0" xmlns="http://schemas.microsoft.com/developer/msbuild/2003">
  <ItemGroup>
    <Filter Include="Source Files">
      <UniqueIdentifier>{c1a50088-718d-4f76-a481-1e749197f7a0}</UniqueIdentifier>
      <Extensions>cpp;c;cxx;rc;def;r;odl;idl;hpj;bat</Extensions>
    </Filter>
    <Filter Include="Source Files\Lip Sync">
      <UniqueIdentifier>{18f36ed3-d6da-4e5c-86f2-1ba93a9dcbc6}</UniqueIdentifier>
    </Filter>
    <Filter Include="Header Files">
      <UniqueIdentifier>{b28851a2-181b-4b8b-851e-87fd5af72d38}</UniqueIdentifier>
      <Extensions>h;hpp;hxx;hm;inl</Extensions>
    </Filter>
    <Filter Include="Resource Files">
      <UniqueIdentifier>{d67b5134-5f2b-496e-b084-bea6fb7c29b0}</UniqueIdentifier>
      <Extensions>ico;cur;bmp;dlg;rc2;rct;bin;rgs;gif;jpg;jpeg;jpe</Extensions>
    </Filter>
  </ItemGroup>
  <ItemGroup>
    <ClCompile Include="CryEntityDLL.cpp">
      <Filter>Source Files</Filter>
    </ClCompile>
    <ClCompile Include="Entity.cpp">
      <Filter>Source Files</Filter>
    </ClCompile>
    <ClCompile Include="EntityCamera.cpp">
      <Filter>Source Files</Filter>
    </ClCompile>
    <ClCompile Include="EntityCreation.cpp">
      <Filter>Source Files</Filter>
    </ClCompile>
    <ClCompile Include="EntityIt.cpp">
      <Filter>Source Files</Filter>
    </ClCompile>
    <ClCompile Include="EntityPesistence.cpp">
      <Filter>Source Files</Filter>
    </ClCompile>
    <ClCompile Include="EntityRender.cpp">
      <Filter>Source Files</Filter>
    </ClCompile>
    <ClCompile Include="EntitySystem.cpp">
      <Filter>Source Files</Filter>
    </ClCompile>
    <ClCompile Include="IDGenerator.cpp">
      <Filter>Source Files</Filter>
    </ClCompile>
    <ClCompile Include="stdafx.cpp">
      <Filter>Source Files</Filter>
    </ClCompile>
    <ClCompile Include="LipSync.cpp">
      <Filter>Source Files\Lip Sync</Filter>
    </ClCompile>
    <ClCompile Include="RandomExprLoadSink.cpp">
      <Filter>Source Files\Lip Sync</Filter>
    </ClCompile>
  </ItemGroup>
  <ItemGroup>
    <ClInclude Include="LipSync.h">
      <Filter>Source Files\Lip Sync</Filter>
    </ClInclude>
    <ClInclude Include="RandomExprLoadSink.h">
      <Filter>Source Files\Lip Sync</Filter>
    </ClInclude>
    <ClInclude Include="Entity.h">
      <Filter>Header Files</Filter>
    </ClInclude>
    <ClInclude Include="EntityCamera.h">
      <Filter>Header Files</Filter>
    </ClInclude>
    <ClInclude Include="EntityIt.h">
      <Filter>Header Files</Filter>
    </ClInclude>
    <ClInclude Include="EntitySystem.h">
      <Filter>Header Files</Filter>
    </ClInclude>
    <ClInclude Include="IDGenerator.h">
      <Filter>Header Files</Filter>
    </ClInclude>
    <ClInclude Include="stdafx.h">
      <Filter>Header Files</Filter>
    </ClInclude>
  </ItemGroup>
</Project>