<?xml version="1.0" encoding="utf-8"?>
<Project ToolsVersion="4.0" xmlns="http://schemas.microsoft.com/developer/msbuild/2003">
  <ItemGroup>
    <Filter Include="Source Files">
      <UniqueIdentifier>{d82d1974-0211-45d7-ba58-087ff3fdea36}</UniqueIdentifier>
      <Extensions>cpp;c;cxx;def;odl;idl;hpj;bat;asm</Extensions>
    </Filter>
    <Filter Include="Header Files">
      <UniqueIdentifier>{c5214360-42eb-4e94-b112-7954871c4b40}</UniqueIdentifier>
      <Extensions>h;hpp;hxx;hm;inl;inc</Extensions>
    </Filter>
    <Filter Include="Resource Files">
      <UniqueIdentifier>{7649521e-c969-4d4e-ae06-30a27f9a8356}</UniqueIdentifier>
      <Extensions>rc;ico;cur;bmp;dlg;rc2;rct;bin;rgs;gif;jpg;jpeg;jpe</Extensions>
    </Filter>
    <Filter Include="Interfaces">
      <UniqueIdentifier>{c143eb61-d633-43ec-8d15-188628d7a15f}</UniqueIdentifier>
    </Filter>
    <Filter Include="NvTriStrip">
      <UniqueIdentifier>{553dd5c8-9b23-4adb-857f-01708b26ee69}</UniqueIdentifier>
    </Filter>
    <Filter Include="Utils">
      <UniqueIdentifier>{03510a05-e89f-483b-9661-fe7dddbfd2c9}</UniqueIdentifier>
    </Filter>
    <Filter Include="Math">
      <UniqueIdentifier>{ec6f2093-7d8d-4ed5-8f52-98ef290d5261}</UniqueIdentifier>
    </Filter>
  </ItemGroup>
  <ItemGroup>
    <ClCompile Include="CfgFile.cpp">
      <Filter>Source Files</Filter>
    </ClCompile>
    <ClCompile Include="ChunkFileReader.cpp">
      <Filter>Source Files</Filter>
    </ClCompile>
    <ClCompile Include="CmdLine.cpp">
      <Filter>Source Files</Filter>
    </ClCompile>
    <ClCompile Include="Config.cpp">
      <Filter>Source Files</Filter>
    </ClCompile>
    <ClCompile Include="ExtensionManager.cpp">
      <Filter>Source Files</Filter>
    </ClCompile>
    <ClCompile Include="FileMapping.cpp">
      <Filter>Source Files</Filter>
    </ClCompile>
    <ClCompile Include="FileUtil.cpp">
      <Filter>Source Files</Filter>
    </ClCompile>
    <ClCompile Include="ResourceCompiler.cpp">
      <Filter>Source Files</Filter>
    </ClCompile>
    <ClCompile Include="stdafx.cpp">
      <Filter>Source Files</Filter>
    </ClCompile>
    <ClCompile Include="NvTriStrip\NvTriStrip.cpp">
      <Filter>NvTriStrip</Filter>
    </ClCompile>
    <ClCompile Include="NvTriStrip\NvTriStripObjects.cpp">
      <Filter>NvTriStrip</Filter>
    </ClCompile>
    <ClCompile Include="NvTriStrip\RenderPCH.cpp">
      <Filter>NvTriStrip</Filter>
    </ClCompile>
    <ClCompile Include="CgfUtils.cpp">
      <Filter>Utils</Filter>
    </ClCompile>
    <ClCompile Include="CryBoneDesc.cpp">
      <Filter>Utils</Filter>
    </ClCompile>
    <ClCompile Include="CryBoneHierarchyLoader.cpp">
      <Filter>Utils</Filter>
    </ClCompile>
    <ClCompile Include="CryChunkedFile.cpp">
      <Filter>Utils</Filter>
    </ClCompile>
    <ClCompile Include="CryVertexBinding.cpp">
      <Filter>Utils</Filter>
    </ClCompile>
  </ItemGroup>
  <ItemGroup>
    <ClInclude Include="CfgFile.h">
      <Filter>Source Files</Filter>
    </ClInclude>
    <ClInclude Include="ChunkFileReader.h">
      <Filter>Source Files</Filter>
    </ClInclude>
    <ClInclude Include="CmdLine.h">
      <Filter>Source Files</Filter>
    </ClInclude>
    <ClInclude Include="Config.h">
      <Filter>Source Files</Filter>
    </ClInclude>
    <ClInclude Include="ConvertContext.h">
      <Filter>Source Files</Filter>
    </ClInclude>
    <ClInclude Include="ExtensionManager.h">
      <Filter>Source Files</Filter>
    </ClInclude>
    <ClInclude Include="FileMapping.h">
      <Filter>Source Files</Filter>
    </ClInclude>
    <ClInclude Include="FileUtil.h">
      <Filter>Source Files</Filter>
    </ClInclude>
    <ClInclude Include="PathUtil.h">
      <Filter>Source Files</Filter>
    </ClInclude>
    <ClInclude Include="ResComDefs.h">
      <Filter>Source Files</Filter>
    </ClInclude>
    <ClInclude Include="ResourceCompiler.h">
      <Filter>Source Files</Filter>
    </ClInclude>
    <ClInclude Include="DebugLog.h">
      <Filter>Header Files</Filter>
    </ClInclude>
    <ClInclude Include="PortableString.h">
      <Filter>Header Files</Filter>
    </ClInclude>
    <ClInclude Include="stdafx.h">
      <Filter>Header Files</Filter>
    </ClInclude>
    <ClInclude Include="ICfgFile.h">
      <Filter>Interfaces</Filter>
    </ClInclude>
    <ClInclude Include="IConfig.h">
      <Filter>Interfaces</Filter>
    </ClInclude>
    <ClInclude Include="IConvertor.h">
      <Filter>Interfaces</Filter>
    </ClInclude>
    <ClInclude Include="IRCLog.h">
      <Filter>Interfaces</Filter>
    </ClInclude>
    <ClInclude Include="IResCompiler.h">
      <Filter>Interfaces</Filter>
    </ClInclude>
    <ClInclude Include="NvTriStrip\NvTriStrip.h">
      <Filter>NvTriStrip</Filter>
    </ClInclude>
    <ClInclude Include="NvTriStrip\NvTriStripObjects.h">
      <Filter>NvTriStrip</Filter>
    </ClInclude>
    <ClInclude Include="NvTriStrip\RenderPCH.h">
      <Filter>NvTriStrip</Filter>
    </ClInclude>
    <ClInclude Include="NvTriStrip\VertexCache.h">
      <Filter>NvTriStrip</Filter>
    </ClInclude>
    <ClInclude Include="CgfUtils.h">
      <Filter>Utils</Filter>
    </ClInclude>
    <ClInclude Include="CryBoneDesc.h">
      <Filter>Utils</Filter>
    </ClInclude>
    <ClInclude Include="CryBoneHierarchyLoader.h">
      <Filter>Utils</Filter>
    </ClInclude>
    <ClInclude Include="CryChunkedFile.h">
      <Filter>Utils</Filter>
    </ClInclude>
    <ClInclude Include="CryVertexBinding.h">
      <Filter>Utils</Filter>
    </ClInclude>
  </ItemGroup>
</Project>